
Microsoft Visual Studio Solution File, Format Version 12.00
# Visual Studio Version 17
VisualStudioVersion = 17.2.32630.192
MinimumVisualStudioVersion = 10.0.40219.1
Project("{FAE04EC0-301F-11D3-BF4B-00C04F79EFBC}") = "WebAPI", "WebAPI\WebAPI.csproj", "{0C17BB71-7329-42B6-AA93-74BAA89DEC4B}"
EndProject
Global
	GlobalSection(SolutionConfigurationPlatforms) = preSolution
		Debug|Any CPU = Debug|Any CPU
		Release|Any CPU = Release|Any CPU
	EndGlobalSection
	GlobalSection(ProjectConfigurationPlatforms) = postSolution
		{0C17BB71-7329-42B6-AA93-74BAA89DEC4B}.Debug|Any CPU.ActiveCfg = Debug|Any CPU
		{0C17BB71-7329-42B6-AA93-74BAA89DEC4B}.Debug|Any CPU.Build.0 = Debug|Any CPU
		{0C17BB71-7329-42B6-AA93-74BAA89DEC4B}.Release|Any CPU.ActiveCfg = Release|Any CPU
		{0C17BB71-7329-42B6-AA93-74BAA89DEC4B}.Release|Any CPU.Build.0 = Release|Any CPU
	EndGlobalSection
	GlobalSection(SolutionProperties) = preSolution
		HideSolutionNode = FALSE
	EndGlobalSection
	GlobalSection(ExtensibilityGlobals) = postSolution
		SolutionGuid = {CC2BBD91-E13F-4FA2-BECF-32D6F2AF7E34}
	EndGlobalSection
EndGlobal
